
Microsoft Visual Studio Solution File, Format Version 12.00
# Visual Studio Version 17
VisualStudioVersion = 17.11.35312.102
MinimumVisualStudioVersion = 10.0.40219.1
Project("{FAE04EC0-301F-11D3-BF4B-00C04F79EFBC}") = "IlkSinif", "IlkSinif.csproj", "{9124A903-7B17-4BE9-9AF9-A0632E092E3E}"
EndProject
Global
	GlobalSection(SolutionConfigurationPlatforms) = preSolution
		Debug|Any CPU = Debug|Any CPU
		Release|Any CPU = Release|Any CPU
	EndGlobalSection
	GlobalSection(ProjectConfigurationPlatforms) = postSolution
		{9124A903-7B17-4BE9-9AF9-A0632E092E3E}.Debug|Any CPU.ActiveCfg = Debug|Any CPU
		{9124A903-7B17-4BE9-9AF9-A0632E092E3E}.Debug|Any CPU.Build.0 = Debug|Any CPU
		{9124A903-7B17-4BE9-9AF9-A0632E092E3E}.Release|Any CPU.ActiveCfg = Release|Any CPU
		{9124A903-7B17-4BE9-9AF9-A0632E092E3E}.Release|Any CPU.Build.0 = Release|Any CPU
	EndGlobalSection
	GlobalSection(SolutionProperties) = preSolution
		HideSolutionNode = FALSE
	EndGlobalSection
	GlobalSection(ExtensibilityGlobals) = postSolution
		SolutionGuid = {99D9535A-B98E-4223-93B4-34A04E8F7B5B}
	EndGlobalSection
EndGlobal
